
Microsoft Visual Studio Solution File, Format Version 12.00
# Visual Studio Version 17
VisualStudioVersion = 17.5.33414.496
MinimumVisualStudioVersion = 10.0.40219.1
Project("{F184B08F-C81C-45F6-A57F-5ABD9991F28F}") = "Marapos", "Marapos\Marapos.vbproj", "{B2527C83-0EE1-42A1-99A3-1BA5F966AC7C}"
EndProject
Global
	GlobalSection(SolutionConfigurationPlatforms) = preSolution
		Debug|Any CPU = Debug|Any CPU
		Release|Any CPU = Release|Any CPU
	EndGlobalSection
	GlobalSection(ProjectConfigurationPlatforms) = postSolution
		{B2527C83-0EE1-42A1-99A3-1BA5F966AC7C}.Debug|Any CPU.ActiveCfg = Debug|Any CPU
		{B2527C83-0EE1-42A1-99A3-1BA5F966AC7C}.Debug|Any CPU.Build.0 = Debug|Any CPU
		{B2527C83-0EE1-42A1-99A3-1BA5F966AC7C}.Release|Any CPU.ActiveCfg = Release|Any CPU
		{B2527C83-0EE1-42A1-99A3-1BA5F966AC7C}.Release|Any CPU.Build.0 = Release|Any CPU
	EndGlobalSection
	GlobalSection(SolutionProperties) = preSolution
		HideSolutionNode = FALSE
	EndGlobalSection
	GlobalSection(ExtensibilityGlobals) = postSolution
		SolutionGuid = {E6738C35-05A5-43AD-8D1F-AA9710EE5C6D}
	EndGlobalSection
EndGlobal
